github.com/amplitude/experiment-go-server v0.4.6 h1:d11D+Olwdcz0L1SeI38f7qtsQGE3GWFKzYPyh5QkeDE=
github.com/amplitude/experiment-go-server v0.4.6/go.mod h1:FdLmx2yaTOEY/jGPivLc1YwRtIfXGlcZ/6rIvJKWb8o=
github.com/amplitude/experiment-go-server v0.4.7 h1:j0kyzpTLOY7ipY35BOFsDboTY6it1YZSjWbgGqJhpYk=
github.com/amplitude/experiment-go-server v0.4.7/go.mod h1:xebZ3xuN/nZvDc9cMeqOWENAJ6BqdjdrmMIq3B4Hczc=
github.com/amplitude/experiment-go-server v0.4.8 h1:Gta06e0B0mR6eeW/EtWdOtgW67h4vEc+lDGCmjYdlLY=
github.com/amplitude/experiment-go-server v0.4.8/go.mod h1:xebZ3xuN/nZvDc9cMeqOWENAJ6BqdjdrmMIq3B4Hczc=
